
Microsoft Visual Studio Solution File, Format Version 12.00
# Visual Studio Version 16
VisualStudioVersion = 16.0.31005.135
MinimumVisualStudioVersion = 10.0.40219.1
Project("{2150E333-8FDC-42A3-9474-1A3956D46DE8}") = "01 - Domain", "01 - Domain", "{979BEB10-1F6F-437A-A41D-2963E037908B}"
EndProject
Project("{2150E333-8FDC-42A3-9474-1A3956D46DE8}") = "02 - Application", "02 - Application", "{2195B7CD-23E5-4220-AAC4-47E160A1E0BE}"
EndProject
Project("{2150E333-8FDC-42A3-9474-1A3956D46DE8}") = "03 - Infra", "03 - Infra", "{38EEA34F-6AFF-453B-97F5-1A8901DB5B9C}"
EndProject
Project("{2150E333-8FDC-42A3-9474-1A3956D46DE8}") = "04 - IoC", "04 - IoC", "{40C9EBB9-2975-4492-931B-323C3F061A78}"
EndProject
Project("{2150E333-8FDC-42A3-9474-1A3956D46DE8}") = "05 - MVC WebApp", "05 - MVC WebApp", "{D312F392-3407-4CB3-9753-CB0248F2B068}"
EndProject
Project("{FAE04EC0-301F-11D3-BF4B-00C04F79EFBC}") = "ControleContas.Domain", "ControleContas.Domain\ControleContas.Domain.csproj", "{4841A702-226C-488C-ACBF-8A65A0A419C9}"
EndProject
Project("{FAE04EC0-301F-11D3-BF4B-00C04F79EFBC}") = "ControleContas.Application", "ControleContas.Application\ControleContas.Application.csproj", "{CE293903-72D5-4538-85E9-8A90128CF9C8}"
EndProject
Project("{FAE04EC0-301F-11D3-BF4B-00C04F79EFBC}") = "ControleContas.Infra.Data", "ControleContas.Infra.Data\ControleContas.Infra.Data.csproj", "{F964BE3E-A4CD-461E-9C4D-76F14D742892}"
EndProject
Project("{FAE04EC0-301F-11D3-BF4B-00C04F79EFBC}") = "ControleContas.IoC", "ControleContas.IoC\ControleContas.IoC.csproj", "{AB152F90-18AF-4660-B2FC-EF650E23C3B6}"
EndProject
Project("{FAE04EC0-301F-11D3-BF4B-00C04F79EFBC}") = "MVCWebApp", "MVCWebApp\MVCWebApp.csproj", "{A8EC1A9C-CD98-42A6-BBFA-E9E2E2336ECE}"
EndProject
Global
	GlobalSection(SolutionConfigurationPlatforms) = preSolution
		Debug|Any CPU = Debug|Any CPU
		Release|Any CPU = Release|Any CPU
	EndGlobalSection
	GlobalSection(ProjectConfigurationPlatforms) = postSolution
		{4841A702-226C-488C-ACBF-8A65A0A419C9}.Debug|Any CPU.ActiveCfg = Debug|Any CPU
		{4841A702-226C-488C-ACBF-8A65A0A419C9}.Debug|Any CPU.Build.0 = Debug|Any CPU
		{4841A702-226C-488C-ACBF-8A65A0A419C9}.Release|Any CPU.ActiveCfg = Release|Any CPU
		{4841A702-226C-488C-ACBF-8A65A0A419C9}.Release|Any CPU.Build.0 = Release|Any CPU
		{CE293903-72D5-4538-85E9-8A90128CF9C8}.Debug|Any CPU.ActiveCfg = Debug|Any CPU
		{CE293903-72D5-4538-85E9-8A90128CF9C8}.Debug|Any CPU.Build.0 = Debug|Any CPU
		{CE293903-72D5-4538-85E9-8A90128CF9C8}.Release|Any CPU.ActiveCfg = Release|Any CPU
		{CE293903-72D5-4538-85E9-8A90128CF9C8}.Release|Any CPU.Build.0 = Release|Any CPU
		{F964BE3E-A4CD-461E-9C4D-76F14D742892}.Debug|Any CPU.ActiveCfg = Debug|Any CPU
		{F964BE3E-A4CD-461E-9C4D-76F14D742892}.Debug|Any CPU.Build.0 = Debug|Any CPU
		{F964BE3E-A4CD-461E-9C4D-76F14D742892}.Release|Any CPU.ActiveCfg = Release|Any CPU
		{F964BE3E-A4CD-461E-9C4D-76F14D742892}.Release|Any CPU.Build.0 = Release|Any CPU
		{AB152F90-18AF-4660-B2FC-EF650E23C3B6}.Debug|Any CPU.ActiveCfg = Debug|Any CPU
		{AB152F90-18AF-4660-B2FC-EF650E23C3B6}.Debug|Any CPU.Build.0 = Debug|Any CPU
		{AB152F90-18AF-4660-B2FC-EF650E23C3B6}.Release|Any CPU.ActiveCfg = Release|Any CPU
		{AB152F90-18AF-4660-B2FC-EF650E23C3B6}.Release|Any CPU.Build.0 = Release|Any CPU
		{A8EC1A9C-CD98-42A6-BBFA-E9E2E2336ECE}.Debug|Any CPU.ActiveCfg = Debug|Any CPU
		{A8EC1A9C-CD98-42A6-BBFA-E9E2E2336ECE}.Debug|Any CPU.Build.0 = Debug|Any CPU
		{A8EC1A9C-CD98-42A6-BBFA-E9E2E2336ECE}.Release|Any CPU.ActiveCfg = Release|Any CPU
		{A8EC1A9C-CD98-42A6-BBFA-E9E2E2336ECE}.Release|Any CPU.Build.0 = Release|Any CPU
	EndGlobalSection
	GlobalSection(SolutionProperties) = preSolution
		HideSolutionNode = FALSE
	EndGlobalSection
	GlobalSection(NestedProjects) = preSolution
		{4841A702-226C-488C-ACBF-8A65A0A419C9} = {979BEB10-1F6F-437A-A41D-2963E037908B}
		{CE293903-72D5-4538-85E9-8A90128CF9C8} = {2195B7CD-23E5-4220-AAC4-47E160A1E0BE}
		{F964BE3E-A4CD-461E-9C4D-76F14D742892} = {38EEA34F-6AFF-453B-97F5-1A8901DB5B9C}
		{AB152F90-18AF-4660-B2FC-EF650E23C3B6} = {40C9EBB9-2975-4492-931B-323C3F061A78}
		{A8EC1A9C-CD98-42A6-BBFA-E9E2E2336ECE} = {D312F392-3407-4CB3-9753-CB0248F2B068}
	EndGlobalSection
	GlobalSection(ExtensibilityGlobals) = postSolution
		SolutionGuid = {FBDA23AF-B90C-43C3-A618-D21140CF349E}
	EndGlobalSection
EndGlobal
